// !$*UTF8*$!
{
	archiveVersion = 1;
	classes = {
	};
	objectVersion = 50;
	objects = {

/* Begin PBXBuildFile section */
		14D7F088222BD1CB00F15361 /* AppDelegate.swift in Sources */ = {isa = PBXBuildFile; fileRef = 14D7F087222BD1CB00F15361 /* AppDelegate.swift */; };
		14D7F08A222BD1CB00F15361 /* ViewController.swift in Sources */ = {isa = PBXBuildFile; fileRef = 14D7F089222BD1CB00F15361 /* ViewController.swift */; };
		14D7F08D222BD1CB00F15361 /* Main.storyboard in Resources */ = {isa = PBXBuildFile; fileRef = 14D7F08B222BD1CB00F15361 /* Main.storyboard */; };
		14D7F08F222BD1CE00F15361 /* Assets.xcassets in Resources */ = {isa = PBXBuildFile; fileRef = 14D7F08E222BD1CE00F15361 /* Assets.xcassets */; };
		14D7F092222BD1CE00F15361 /* LaunchScreen.storyboard in Resources */ = {isa = PBXBuildFile; fileRef = 14D7F090222BD1CE00F15361 /* LaunchScreen.storyboard */; };
		14D7F09C222BDAD500F15361 /* SoundFiles in Resources */ = {isa = PBXBuildFile; fileRef = 14D7F09B222BDAD500F15361 /* SoundFiles */; };
/* End PBXBuildFile section */

/* Begin PBXFileReference section */
		14D7F084222BD1CB00F15361 /* Piano Sketch.app */ = {isa = PBXFileReference; explicitFileType = wrapper.application; includeInIndex = 0; path = "Piano Sketch.app"; sourceTree = BUILT_PRODUCTS_DIR; };
		14D7F087222BD1CB00F15361 /* AppDelegate.swift */ = {isa = PBXFileReference; lastKnownFileType = sourcecode.swift; path = AppDelegate.swift; sourceTree = "<group>"; };
		14D7F089222BD1CB00F15361 /* ViewController.swift */ = {isa = PBXFileReference; lastKnownFileType = sourcecode.swift; path = ViewController.swift; sourceTree = "<group>"; };
		14D7F08C222BD1CB00F15361 /* Base */ = {isa = PBXFileReference; lastKnownFileType = file.storyboard; name = Base; path = Base.lproj/Main.storyboard; sourceTree = "<group>"; };
		14D7F08E222BD1CE00F15361 /* Assets.xcassets */ = {isa = PBXFileReference; lastKnownFileType = folder.assetcatalog; path = Assets.xcassets; sourceTree = "<group>"; };
		14D7F091222BD1CE00F15361 /* Base */ = {isa = PBXFileReference; lastKnownFileType = file.storyboard; name = Base; path = Base.lproj/LaunchScreen.storyboard; sourceTree = "<group>"; };
		14D7F093222BD1CE00F15361 /* Info.plist */ = {isa = PBXFileReference; lastKnownFileType = text.plist.xml; path = Info.plist; sourceTree = "<group>"; };
		14D7F09B222BDAD500F15361 /* SoundFiles */ = {isa = PBXFileReference; lastKnownFileType = folder; path = SoundFiles; sourceTree = "<group>"; };
/* End PBXFileReference section */

/* Begin PBXFrameworksBuildPhase section */
		14D7F081222BD1CB00F15361 /* Frameworks */ = {
			isa = PBXFrameworksBuildPhase;
			buildActionMask = 2147483647;
			files = (
			);
			runOnlyForDeploymentPostprocessing = 0;
		};
/* End PBXFrameworksBuildPhase section */

/* Begin PBXGroup section */
		14D7F07B222BD1CB00F15361 = {
			isa = PBXGroup;
			children = (
				14D7F086222BD1CB00F15361 /* Piano Sketch */,
				14D7F085222BD1CB00F15361 /* Products */,
			);
			sourceTree = "<group>";
		};
		14D7F085222BD1CB00F15361 /* Products */ = {
			isa = PBXGroup;
			children = (
				14D7F084222BD1CB00F15361 /* Piano Sketch.app */,
			);
			name = Products;
			sourceTree = "<group>";
		};
		14D7F086222BD1CB00F15361 /* Piano Sketch */ = {
			isa = PBXGroup;
			children = (
				14D7F09B222BDAD500F15361 /* SoundFiles */,
				14D7F087222BD1CB00F15361 /* AppDelegate.swift */,
				14D7F089222BD1CB00F15361 /* ViewController.swift */,
				14D7F08B222BD1CB00F15361 /* Main.storyboard */,
				14D7F08E222BD1CE00F15361 /* Assets.xcassets */,
				14D7F090222BD1CE00F15361 /* LaunchScreen.storyboard */,
				14D7F093222BD1CE00F15361 /* Info.plist */,
			);
			path = "Piano Sketch";
			sourceTree = "<group>";
		};
/* End PBXGroup section */

/* Begin PBXNativeTarget section */
		14D7F083222BD1CB00F15361 /* Piano Sketch */ = {
			isa = PBXNativeTarget;
			buildConfigurationList = 14D7F096222BD1CE00F15361 /* Build configuration list for PBXNativeTarget "Piano Sketch" */;
			buildPhases = (
				14D7F080222BD1CB00F15361 /* Sources */,
				14D7F081222BD1CB00F15361 /* Frameworks */,
				14D7F082222BD1CB00F15361 /* Resources */,
			);
			buildRules = (
			);
			dependencies = (
			);
			name = "Piano Sketch";
			productName = "Piano Sketch";
			productReference = 14D7F084222BD1CB00F15361 /* Piano Sketch.app */;
			productType = "com.apple.product-type.application";
		};
/* End PBXNativeTarget section */

/* Begin PBXProject section */
		14D7F07C222BD1CB00F15361 /* Project object */ = {
			isa = PBXProject;
			attributes = {
				LastSwiftUpdateCheck = 1010;
				LastUpgradeCheck = 1010;
				ORGANIZATIONNAME = "Christian Schmutte";
				TargetAttributes = {
					14D7F083222BD1CB00F15361 = {
						CreatedOnToolsVersion = 10.1;
					};
				};
			};
			buildConfigurationList = 14D7F07F222BD1CB00F15361 /* Build configuration list for PBXProject "Piano Sketch" */;
			compatibilityVersion = "Xcode 9.3";
			developmentRegion = en;
			hasScannedForEncodings = 0;
			knownRegions = (
				en,
				Base,
			);
			mainGroup = 14D7F07B222BD1CB00F15361;
			productRefGroup = 14D7F085222BD1CB00F15361 /* Products */;
			projectDirPath = "";
			projectRoot = "";
			targets = (
				14D7F083222BD1CB00F15361 /* Piano Sketch */,
			);
		};
/* End PBXProject section */

/* Begin PBXResourcesBuildPhase section */
		14D7F082222BD1CB00F15361 /* Resources */ = {
			isa = PBXResourcesBuildPhase;
			buildActionMask = 2147483647;
			files = (
				14D7F092222BD1CE00F15361 /* LaunchScreen.storyboard in Resources */,
				14D7F08F222BD1CE00F15361 /* Assets.xcassets in Resources */,
				14D7F08D222BD1CB00F15361 /* Main.storyboard in Resources */,
				14D7F09C222BDAD500F15361 /* SoundFiles in Resources */,
			);
			runOnlyForDeploymentPostprocessing = 0;
		};
/* End PBXResourcesBuildPhase section */

/* Begin PBXSourcesBuildPhase section */
		14D7F080222BD1CB00F15361 /* Sources */ = {
			isa = PBXSourcesBuildPhase;
			buildActionMask = 2147483647;
			files = (
				14D7F08A222BD1CB00F15361 /* ViewController.swift in Sources */,
				14D7F088222BD1CB00F15361 /* AppDelegate.swift in Sources */,
			);
			runOnlyForDeploymentPostprocessing = 0;
		};
/* End PBXSourcesBuildPhase section */

/* Begin PBXVariantGroup section */
		14D7F08B222BD1CB00F15361 /* Main.storyboard */ = {
			isa = PBXVariantGroup;
			children = (
				14D7F08C222BD1CB00F15361 /* Base */,
			);
			name = Main.storyboard;
			sourceTree = "<group>";
		};
		14D7F090222BD1CE00F15361 /* LaunchScreen.storyboard */ = {
			isa = PBXVariantGroup;
			children = (
				14D7F091222BD1CE00F15361 /* Base */,
			);
			name = LaunchScreen.storyboard;
			sourceTree = "<group>";
		};
/* End PBXVariantGroup section */

/* Begin XCBuildConfiguration section */
		14D7F094222BD1CE00F15361 /* Debug */ = {
			isa = XCBuildConfiguration;
			buildSettings = {
				ALWAYS_SEARCH_USER_PATHS = NO;
				CLANG_ANALYZER_NONNULL = YES;
				CLANG_ANALYZER_NUMBER_OBJECT_CONVERSION = YES_AGGRESSIVE;
				CLANG_CXX_LANGUAGE_STANDARD = "gnu++14";
				CLANG_CXX_LIBRARY = "libc++";
				CLANG_ENABLE_MODULES = YES;
				CLANG_ENABLE_OBJC_ARC = YES;
				CLANG_ENABLE_OBJC_WEAK = YES;
				CLANG_WARN_BLOCK_CAPTURE_AUTORELEASING = YES;
				CLANG_WARN_BOOL_CONVERSION = YES;
				CLANG_WARN_COMMA = YES;
				CLANG_WARN_CONSTANT_CONVERSION = YES;
				CLANG_WARN_DEPRECATED_OBJC_IMPLEMENTATIONS = YES;
				CLANG_WARN_DIRECT_OBJC_ISA_USAGE = YES_ERROR;
				CLANG_WARN_DOCUMENTATION_COMMENTS = YES;
				CLANG_WARN_EMPTY_BODY = YES;
				CLANG_WARN_ENUM_CONVERSION = YES;
				CLANG_WARN_INFINITE_RECURSION = YES;
				CLANG_WARN_INT_CONVERSION = YES;
				CLANG_WARN_NON_LITERAL_NULL_CONVERSION = YES;
				CLANG_WARN_OBJC_IMPLICIT_RETAIN_SELF = YES;
				CLANG_WARN_OBJC_LITERAL_CONVERSION = YES;
				CLANG_WARN_OBJC_ROOT_CLASS = YES_ERROR;
				CLANG_WARN_RANGE_LOOP_ANALYSIS = YES;
				CLANG_WARN_STRICT_PROTOTYPES = YES;
				CLANG_WARN_SUSPICIOUS_MOVE = YES;
				CLANG_WARN_UNGUARDED_AVAILABILITY = YES_AGGRESSIVE;
				CLANG_WARN_UNREACHABLE_CODE = YES;
				CLANG_WARN__DUPLICATE_METHOD_MATCH = YES;
				CODE_SIGN_IDENTITY = "iPhone Developer";
				COPY_PHASE_STRIP = NO;
				DEBUG_INFORMATION_FORMAT = dwarf;
				ENABLE_STRICT_OBJC_MSGSEND = YES;
				ENABLE_TESTABILITY = YES;
				GCC_C_LANGUAGE_STANDARD = gnu11;
				GCC_DYNAMIC_NO_PIC = NO;
				GCC_NO_COMMON_BLOCKS = YES;
				GCC_OPTIMIZATION_LEVEL = 0;
				GCC_PREPROCESSOR_DEFINITIONS = (
					"DEBUG=1",
					"$(inherited)",
				);
				GCC_WARN_64_TO_32_BIT_CONVERSION = YES;
				GCC_WARN_ABOUT_RETURN_TYPE = YES_ERROR;
				GCC_WARN_UNDECLARED_SELECTOR = YES;
				GCC_WARN_UNINITIALIZED_AUTOS = YES_AGGRESSIVE;
				GCC_WARN_UNUSED_FUNCTION = YES;
				GCC_WARN_UNUSED_VARIABLE = YES;
				IPHONEOS_DEPLOYMENT_TARGET = 12.1;
				MTL_ENABLE_DEBUG_INFO = INCLUDE_SOURCE;
				MTL_FAST_MATH = YES;
				ONLY_ACTIVE_ARCH = YES;
				SDKROOT = iphoneos;
				SWIFT_ACTIVE_COMPILATION_CONDITIONS = DEBUG;
				SWIFT_OPTIMIZATION_LEVEL = "-Onone";
			};
			name = Debug;
		};
		14D7F095222BD1CE00F15361 /* Release */ = {
			isa = XCBuildConfiguration;
			buildSettings = {
				ALWAYS_SEARCH_USER_PATHS = NO;
				CLANG_ANALYZER_NONNULL = YES;
				CLANG_ANALYZER_NUMBER_OBJECT_CONVERSION = YES_AGGRESSIVE;
				CLANG_CXX_LANGUAGE_STANDARD = "gnu++14";
				CLANG_CXX_LIBRARY = "libc++";
				CLANG_ENABLE_MODULES = YES;
				CLANG_ENABLE_OBJC_ARC = YES;
				CLANG_ENABLE_OBJC_WEAK = YES;
				CLANG_WARN_BLOCK_CAPTURE_AUTORELEASING = YES;
				CLANG_WARN_BOOL_CONVERSION = YES;
				CLANG_WARN_COMMA = YES;
				CLANG_WARN_CONSTANT_CONVERSION = YES;
				CLANG_WARN_DEPRECATED_OBJC_IMPLEMENTATIONS = YES;
				CLANG_WARN_DIRECT_OBJC_ISA_USAGE = YES_ERROR;
				CLANG_WARN_DOCUMENTATION_COMMENTS = YES;
				CLANG_WARN_EMPTY_BODY = YES;
				CLANG_WARN_ENUM_CONVERSION = YES;
				CLANG_WARN_INFINITE_RECURSION = YES;
				CLANG_WARN_INT_CONVERSION = YES;
				CLANG_WARN_NON_LITERAL_NULL_CONVERSION = YES;
				CLANG_WARN_OBJC_IMPLICIT_RETAIN_SELF = YES;
				CLANG_WARN_OBJC_LITERAL_CONVERSION = YES;
				CLANG_WARN_OBJC_ROOT_CLASS = YES_ERROR;
				CLANG_WARN_RANGE_LOOP_ANALYSIS = YES;
				CLANG_WARN_STRICT_PROTOTYPES = YES;
				CLANG_WARN_SUSPICIOUS_MOVE = YES;
				CLANG_WARN_UNGUARDED_AVAILABILITY = YES_AGGRESSIVE;
				CLANG_WARN_UNREACHABLE_CODE = YES;
				CLANG_WARN__DUPLICATE_METHOD_MATCH = YES;
				CODE_SIGN_IDENTITY = "iPhone Developer";
				COPY_PHASE_STRIP = NO;
				DEBUG_INFORMATION_FORMAT = "dwarf-with-dsym";
				ENABLE_NS_ASSERTIONS = NO;
				ENABLE_STRICT_OBJC_MSGSEND = YES;
				GCC_C_LANGUAGE_STANDARD = gnu11;
				GCC_NO_COMMON_BLOCKS = YES;
				GCC_WARN_64_TO_32_BIT_CONVERSION = YES;
				GCC_WARN_ABOUT_RETURN_TYPE = YES_ERROR;
				GCC_WARN_UNDECLARED_SELECTOR = YES;
				GCC_WARN_UNINITIALIZED_AUTOS = YES_AGGRESSIVE;
				GCC_WARN_UNUSED_FUNCTION = YES;
				GCC_WARN_UNUSED_VARIABLE = YES;
				IPHONEOS_DEPLOYMENT_TARGET = 12.1;
				MTL_ENABLE_DEBUG_INFO = NO;
				MTL_FAST_MATH = YES;
				SDKROOT = iphoneos;
				SWIFT_COMPILATION_MODE = wholemodule;
				SWIFT_OPTIMIZATION_LEVEL = "-O";
				VALIDATE_PRODUCT = YES;
			};
			name = Release;
		};
		14D7F097222BD1CE00F15361 /* Debug */ = {
			isa = XCBuildConfiguration;
			buildSettings = {
				ASSETCATALOG_COMPILER_APPICON_NAME = AppIcon;
				CODE_SIGN_STYLE = Automatic;
				DEVELOPMENT_TEAM = N86N5735D2;
				INFOPLIST_FILE = "Piano Sketch/Info.plist";
				LD_RUNPATH_SEARCH_PATHS = (
					"$(inherited)",
					"@executable_path/Frameworks",
				);
				PRODUCT_BUNDLE_IDENTIFIER = "Christian-Schmutte.Apple-Pie";
				PRODUCT_NAME = "$(TARGET_NAME)";
				SWIFT_VERSION = 4.2;
				TARGETED_DEVICE_FAMILY = 1;
			};
			name = Debug;
		};
		14D7F098222BD1CE00F15361 /* Release */ = {
			isa = XCBuildConfiguration;
			buildSettings = {
				ASSETCATALOG_COMPILER_APPICON_NAME = AppIcon;
				CODE_SIGN_STYLE = Automatic;
				DEVELOPMENT_TEAM = N86N5735D2;
				INFOPLIST_FILE = "Piano Sketch/Info.plist";
				LD_RUNPATH_SEARCH_PATHS = (
					"$(inherited)",
					"@executable_path/Frameworks",
				);
				PRODUCT_BUNDLE_IDENTIFIER = "Christian-Schmutte.Apple-Pie";
				PRODUCT_NAME = "$(TARGET_NAME)";
				SWIFT_VERSION = 4.2;
				TARGETED_DEVICE_FAMILY = 1;
			};
			name = Release;
		};
/* End XCBuildConfiguration section */

/* Begin XCConfigurationList section */
		14D7F07F222BD1CB00F15361 /* Build configuration list for PBXProject "Piano Sketch" */ = {
			isa = XCConfigurationList;
			buildConfigurations = (
				14D7F094222BD1CE00F15361 /* Debug */,
				14D7F095222BD1CE00F15361 /* Release */,
			);
			defaultConfigurationIsVisible = 0;
			defaultConfigurationName = Release;
		};
		14D7F096222BD1CE00F15361 /* Build configuration list for PBXNativeTarget "Piano Sketch" */ = {
			isa = XCConfigurationList;
			buildConfigurations = (
				14D7F097222BD1CE00F15361 /* Debug */,
				14D7F098222BD1CE00F15361 /* Release */,
			);
			defaultConfigurationIsVisible = 0;
			defaultConfigurationName = Release;
		};
/* End XCConfigurationList section */
	};
	rootObject = 14D7F07C222BD1CB00F15361 /* Project object */;
}
